
Microsoft Visual Studio Solution File, Format Version 12.00
# Visual Studio Version 17
VisualStudioVersion = 17.6.33829.357
MinimumVisualStudioVersion = 10.0.40219.1
Project("{FAE04EC0-301F-11D3-BF4B-00C04F79EFBC}") = "retangulo1", "retangulo1\retangulo1.csproj", "{46C86BCF-64CE-4C4B-A838-DFFB2C2A9F2A}"
EndProject
Global
	GlobalSection(SolutionConfigurationPlatforms) = preSolution
		Debug|Any CPU = Debug|Any CPU
		Release|Any CPU = Release|Any CPU
	EndGlobalSection
	GlobalSection(ProjectConfigurationPlatforms) = postSolution
		{46C86BCF-64CE-4C4B-A838-DFFB2C2A9F2A}.Debug|Any CPU.ActiveCfg = Debug|Any CPU
		{46C86BCF-64CE-4C4B-A838-DFFB2C2A9F2A}.Debug|Any CPU.Build.0 = Debug|Any CPU
		{46C86BCF-64CE-4C4B-A838-DFFB2C2A9F2A}.Release|Any CPU.ActiveCfg = Release|Any CPU
		{46C86BCF-64CE-4C4B-A838-DFFB2C2A9F2A}.Release|Any CPU.Build.0 = Release|Any CPU
	EndGlobalSection
	GlobalSection(SolutionProperties) = preSolution
		HideSolutionNode = FALSE
	EndGlobalSection
	GlobalSection(ExtensibilityGlobals) = postSolution
		SolutionGuid = {C5643900-9ADA-4351-A6C0-FFBFBCD58719}
	EndGlobalSection
EndGlobal
